
Microsoft Visual Studio Solution File, Format Version 12.00
# Visual Studio 2012
Project("{FAE04EC0-301F-11D3-BF4B-00C04F79EFBC}") = "0712_Ders3_List", "0712_Ders3_List\0712_Ders3_List.csproj", "{9AC23A73-435C-4BFF-8122-98B64290C1E4}"
EndProject
Project("{FAE04EC0-301F-11D3-BF4B-00C04F79EFBC}") = "0712_Ders3_List.iOS", "iOS\0712_Ders3_List.iOS.csproj", "{C8CCB51E-3A9E-4224-B33F-CC2333496454}"
EndProject
Project("{FAE04EC0-301F-11D3-BF4B-00C04F79EFBC}") = "0712_Ders3_List.Droid", "Droid\0712_Ders3_List.Droid.csproj", "{C6601723-1541-4207-83C1-9B7295660347}"
EndProject
Global
	GlobalSection(SolutionConfigurationPlatforms) = preSolution
		Debug|Any CPU = Debug|Any CPU
		Release|Any CPU = Release|Any CPU
		Debug|iPhoneSimulator = Debug|iPhoneSimulator
		Release|iPhone = Release|iPhone
		Release|iPhoneSimulator = Release|iPhoneSimulator
		Debug|iPhone = Debug|iPhone
	EndGlobalSection
	GlobalSection(ProjectConfigurationPlatforms) = postSolution
		{9AC23A73-435C-4BFF-8122-98B64290C1E4}.Debug|Any CPU.ActiveCfg = Debug|Any CPU
		{9AC23A73-435C-4BFF-8122-98B64290C1E4}.Debug|Any CPU.Build.0 = Debug|Any CPU
		{9AC23A73-435C-4BFF-8122-98B64290C1E4}.Release|Any CPU.ActiveCfg = Release|Any CPU
		{9AC23A73-435C-4BFF-8122-98B64290C1E4}.Release|Any CPU.Build.0 = Release|Any CPU
		{9AC23A73-435C-4BFF-8122-98B64290C1E4}.Debug|iPhoneSimulator.ActiveCfg = Debug|Any CPU
		{9AC23A73-435C-4BFF-8122-98B64290C1E4}.Debug|iPhoneSimulator.Build.0 = Debug|Any CPU
		{9AC23A73-435C-4BFF-8122-98B64290C1E4}.Release|iPhone.ActiveCfg = Release|Any CPU
		{9AC23A73-435C-4BFF-8122-98B64290C1E4}.Release|iPhone.Build.0 = Release|Any CPU
		{9AC23A73-435C-4BFF-8122-98B64290C1E4}.Release|iPhoneSimulator.ActiveCfg = Release|Any CPU
		{9AC23A73-435C-4BFF-8122-98B64290C1E4}.Release|iPhoneSimulator.Build.0 = Release|Any CPU
		{9AC23A73-435C-4BFF-8122-98B64290C1E4}.Debug|iPhone.ActiveCfg = Debug|Any CPU
		{9AC23A73-435C-4BFF-8122-98B64290C1E4}.Debug|iPhone.Build.0 = Debug|Any CPU
		{C8CCB51E-3A9E-4224-B33F-CC2333496454}.Debug|Any CPU.ActiveCfg = Debug|iPhoneSimulator
		{C8CCB51E-3A9E-4224-B33F-CC2333496454}.Debug|Any CPU.Build.0 = Debug|iPhoneSimulator
		{C8CCB51E-3A9E-4224-B33F-CC2333496454}.Release|Any CPU.ActiveCfg = Release|iPhone
		{C8CCB51E-3A9E-4224-B33F-CC2333496454}.Release|Any CPU.Build.0 = Release|iPhone
		{C8CCB51E-3A9E-4224-B33F-CC2333496454}.Debug|iPhoneSimulator.ActiveCfg = Debug|iPhoneSimulator
		{C8CCB51E-3A9E-4224-B33F-CC2333496454}.Debug|iPhoneSimulator.Build.0 = Debug|iPhoneSimulator
		{C8CCB51E-3A9E-4224-B33F-CC2333496454}.Release|iPhone.ActiveCfg = Release|iPhone
		{C8CCB51E-3A9E-4224-B33F-CC2333496454}.Release|iPhone.Build.0 = Release|iPhone
		{C8CCB51E-3A9E-4224-B33F-CC2333496454}.Release|iPhoneSimulator.ActiveCfg = Release|iPhoneSimulator
		{C8CCB51E-3A9E-4224-B33F-CC2333496454}.Release|iPhoneSimulator.Build.0 = Release|iPhoneSimulator
		{C8CCB51E-3A9E-4224-B33F-CC2333496454}.Debug|iPhone.ActiveCfg = Debug|iPhone
		{C8CCB51E-3A9E-4224-B33F-CC2333496454}.Debug|iPhone.Build.0 = Debug|iPhone
		{C6601723-1541-4207-83C1-9B7295660347}.Debug|Any CPU.ActiveCfg = Debug|Any CPU
		{C6601723-1541-4207-83C1-9B7295660347}.Debug|Any CPU.Build.0 = Debug|Any CPU
		{C6601723-1541-4207-83C1-9B7295660347}.Release|Any CPU.ActiveCfg = Release|Any CPU
		{C6601723-1541-4207-83C1-9B7295660347}.Release|Any CPU.Build.0 = Release|Any CPU
		{C6601723-1541-4207-83C1-9B7295660347}.Debug|iPhoneSimulator.ActiveCfg = Debug|Any CPU
		{C6601723-1541-4207-83C1-9B7295660347}.Debug|iPhoneSimulator.Build.0 = Debug|Any CPU
		{C6601723-1541-4207-83C1-9B7295660347}.Release|iPhone.ActiveCfg = Release|Any CPU
		{C6601723-1541-4207-83C1-9B7295660347}.Release|iPhone.Build.0 = Release|Any CPU
		{C6601723-1541-4207-83C1-9B7295660347}.Release|iPhoneSimulator.ActiveCfg = Release|Any CPU
		{C6601723-1541-4207-83C1-9B7295660347}.Release|iPhoneSimulator.Build.0 = Release|Any CPU
		{C6601723-1541-4207-83C1-9B7295660347}.Debug|iPhone.ActiveCfg = Debug|Any CPU
		{C6601723-1541-4207-83C1-9B7295660347}.Debug|iPhone.Build.0 = Debug|Any CPU
	EndGlobalSection
EndGlobal
